
Microsoft Visual Studio Solution File, Format Version 12.00
# Visual Studio Version 18
VisualStudioVersion = 18.0.11222.15
MinimumVisualStudioVersion = 10.0.40219.1
Project("{2150E333-8FDC-42A3-9474-1A3956D46DE8}") = "Lab05", "Lab05", "{CBE79D88-24B6-4542-A705-038C9BE56159}"
EndProject
Project("{FAE04EC0-301F-11D3-BF4B-00C04F79EFBC}") = "z1", "Lab05\z1\z1.csproj", "{D211DF51-88A2-478D-B355-9629EF68B03B}"
EndProject
Project("{FAE04EC0-301F-11D3-BF4B-00C04F79EFBC}") = "z2", "Lab05\z2\z2.csproj", "{4E6640C0-9BBE-420F-84B2-0D52D1B0A454}"
EndProject
Project("{FAE04EC0-301F-11D3-BF4B-00C04F79EFBC}") = "Lab06", "Lab06\Lab06.csproj", "{D16A05E7-180F-4B0E-9491-CCA128DAEC2C}"
EndProject
Project("{FAE04EC0-301F-11D3-BF4B-00C04F79EFBC}") = "Lab07", "Lab07\Lab07.csproj", "{B2E7B4B2-DC42-47B1-BF6A-D10A81E2AE3D}"
EndProject
Project("{FAE04EC0-301F-11D3-BF4B-00C04F79EFBC}") = "Lab08", "Lab08\Lab08.csproj", "{1AD7E8C4-FAC9-4F06-BFB5-6DECA6143E5F}"
EndProject
Project("{FAE04EC0-301F-11D3-BF4B-00C04F79EFBC}") = "Lab09", "Lab09\Lab09.csproj", "{8B975D8D-A1D0-44BA-9C3C-46FF6AFD07AF}"
EndProject
Project("{FAE04EC0-301F-11D3-BF4B-00C04F79EFBC}") = "Lab10", "Lab10\Lab10.csproj", "{E376CDCA-670E-46D3-80D3-0E9C5289729F}"
EndProject
Project("{FAE04EC0-301F-11D3-BF4B-00C04F79EFBC}") = "Lab11", "Lab11\Lab11.csproj", "{742AA238-26AE-4E3D-A114-8447C0582D6B}"
EndProject
Global
	GlobalSection(SolutionConfigurationPlatforms) = preSolution
		Debug|Any CPU = Debug|Any CPU
		Debug|x64 = Debug|x64
		Debug|x86 = Debug|x86
		Release|Any CPU = Release|Any CPU
		Release|x64 = Release|x64
		Release|x86 = Release|x86
	EndGlobalSection
	GlobalSection(ProjectConfigurationPlatforms) = postSolution
		{D211DF51-88A2-478D-B355-9629EF68B03B}.Debug|Any CPU.ActiveCfg = Debug|Any CPU
		{D211DF51-88A2-478D-B355-9629EF68B03B}.Debug|Any CPU.Build.0 = Debug|Any CPU
		{D211DF51-88A2-478D-B355-9629EF68B03B}.Debug|x64.ActiveCfg = Debug|Any CPU
		{D211DF51-88A2-478D-B355-9629EF68B03B}.Debug|x64.Build.0 = Debug|Any CPU
		{D211DF51-88A2-478D-B355-9629EF68B03B}.Debug|x86.ActiveCfg = Debug|Any CPU
		{D211DF51-88A2-478D-B355-9629EF68B03B}.Debug|x86.Build.0 = Debug|Any CPU
		{D211DF51-88A2-478D-B355-9629EF68B03B}.Release|Any CPU.ActiveCfg = Release|Any CPU
		{D211DF51-88A2-478D-B355-9629EF68B03B}.Release|Any CPU.Build.0 = Release|Any CPU
		{D211DF51-88A2-478D-B355-9629EF68B03B}.Release|x64.ActiveCfg = Release|Any CPU
		{D211DF51-88A2-478D-B355-9629EF68B03B}.Release|x64.Build.0 = Release|Any CPU
		{D211DF51-88A2-478D-B355-9629EF68B03B}.Release|x86.ActiveCfg = Release|Any CPU
		{D211DF51-88A2-478D-B355-9629EF68B03B}.Release|x86.Build.0 = Release|Any CPU
		{4E6640C0-9BBE-420F-84B2-0D52D1B0A454}.Debug|Any CPU.ActiveCfg = Debug|Any CPU
		{4E6640C0-9BBE-420F-84B2-0D52D1B0A454}.Debug|Any CPU.Build.0 = Debug|Any CPU
		{4E6640C0-9BBE-420F-84B2-0D52D1B0A454}.Debug|x64.ActiveCfg = Debug|Any CPU
		{4E6640C0-9BBE-420F-84B2-0D52D1B0A454}.Debug|x64.Build.0 = Debug|Any CPU
		{4E6640C0-9BBE-420F-84B2-0D52D1B0A454}.Debug|x86.ActiveCfg = Debug|Any CPU
		{4E6640C0-9BBE-420F-84B2-0D52D1B0A454}.Debug|x86.Build.0 = Debug|Any CPU
		{4E6640C0-9BBE-420F-84B2-0D52D1B0A454}.Release|Any CPU.ActiveCfg = Release|Any CPU
		{4E6640C0-9BBE-420F-84B2-0D52D1B0A454}.Release|Any CPU.Build.0 = Release|Any CPU
		{4E6640C0-9BBE-420F-84B2-0D52D1B0A454}.Release|x64.ActiveCfg = Release|Any CPU
		{4E6640C0-9BBE-420F-84B2-0D52D1B0A454}.Release|x64.Build.0 = Release|Any CPU
		{4E6640C0-9BBE-420F-84B2-0D52D1B0A454}.Release|x86.ActiveCfg = Release|Any CPU
		{4E6640C0-9BBE-420F-84B2-0D52D1B0A454}.Release|x86.Build.0 = Release|Any CPU
		{D16A05E7-180F-4B0E-9491-CCA128DAEC2C}.Debug|Any CPU.ActiveCfg = Debug|Any CPU
		{D16A05E7-180F-4B0E-9491-CCA128DAEC2C}.Debug|Any CPU.Build.0 = Debug|Any CPU
		{D16A05E7-180F-4B0E-9491-CCA128DAEC2C}.Debug|x64.ActiveCfg = Debug|Any CPU
		{D16A05E7-180F-4B0E-9491-CCA128DAEC2C}.Debug|x64.Build.0 = Debug|Any CPU
		{D16A05E7-180F-4B0E-9491-CCA128DAEC2C}.Debug|x86.ActiveCfg = Debug|Any CPU
		{D16A05E7-180F-4B0E-9491-CCA128DAEC2C}.Debug|x86.Build.0 = Debug|Any CPU
		{D16A05E7-180F-4B0E-9491-CCA128DAEC2C}.Release|Any CPU.ActiveCfg = Release|Any CPU
		{D16A05E7-180F-4B0E-9491-CCA128DAEC2C}.Release|Any CPU.Build.0 = Release|Any CPU
		{D16A05E7-180F-4B0E-9491-CCA128DAEC2C}.Release|x64.ActiveCfg = Release|Any CPU
		{D16A05E7-180F-4B0E-9491-CCA128DAEC2C}.Release|x64.Build.0 = Release|Any CPU
		{D16A05E7-180F-4B0E-9491-CCA128DAEC2C}.Release|x86.ActiveCfg = Release|Any CPU
		{D16A05E7-180F-4B0E-9491-CCA128DAEC2C}.Release|x86.Build.0 = Release|Any CPU
		{B2E7B4B2-DC42-47B1-BF6A-D10A81E2AE3D}.Debug|Any CPU.ActiveCfg = Debug|Any CPU
		{B2E7B4B2-DC42-47B1-BF6A-D10A81E2AE3D}.Debug|Any CPU.Build.0 = Debug|Any CPU
		{B2E7B4B2-DC42-47B1-BF6A-D10A81E2AE3D}.Debug|x64.ActiveCfg = Debug|Any CPU
		{B2E7B4B2-DC42-47B1-BF6A-D10A81E2AE3D}.Debug|x64.Build.0 = Debug|Any CPU
		{B2E7B4B2-DC42-47B1-BF6A-D10A81E2AE3D}.Debug|x86.ActiveCfg = Debug|Any CPU
		{B2E7B4B2-DC42-47B1-BF6A-D10A81E2AE3D}.Debug|x86.Build.0 = Debug|Any CPU
		{B2E7B4B2-DC42-47B1-BF6A-D10A81E2AE3D}.Release|Any CPU.ActiveCfg = Release|Any CPU
		{B2E7B4B2-DC42-47B1-BF6A-D10A81E2AE3D}.Release|Any CPU.Build.0 = Release|Any CPU
		{B2E7B4B2-DC42-47B1-BF6A-D10A81E2AE3D}.Release|x64.ActiveCfg = Release|Any CPU
		{B2E7B4B2-DC42-47B1-BF6A-D10A81E2AE3D}.Release|x64.Build.0 = Release|Any CPU
		{B2E7B4B2-DC42-47B1-BF6A-D10A81E2AE3D}.Release|x86.ActiveCfg = Release|Any CPU
		{B2E7B4B2-DC42-47B1-BF6A-D10A81E2AE3D}.Release|x86.Build.0 = Release|Any CPU
		{1AD7E8C4-FAC9-4F06-BFB5-6DECA6143E5F}.Debug|Any CPU.ActiveCfg = Debug|Any CPU
		{1AD7E8C4-FAC9-4F06-BFB5-6DECA6143E5F}.Debug|Any CPU.Build.0 = Debug|Any CPU
		{1AD7E8C4-FAC9-4F06-BFB5-6DECA6143E5F}.Debug|x64.ActiveCfg = Debug|Any CPU
		{1AD7E8C4-FAC9-4F06-BFB5-6DECA6143E5F}.Debug|x64.Build.0 = Debug|Any CPU
		{1AD7E8C4-FAC9-4F06-BFB5-6DECA6143E5F}.Debug|x86.ActiveCfg = Debug|Any CPU
		{1AD7E8C4-FAC9-4F06-BFB5-6DECA6143E5F}.Debug|x86.Build.0 = Debug|Any CPU
		{1AD7E8C4-FAC9-4F06-BFB5-6DECA6143E5F}.Release|Any CPU.ActiveCfg = Release|Any CPU
		{1AD7E8C4-FAC9-4F06-BFB5-6DECA6143E5F}.Release|Any CPU.Build.0 = Release|Any CPU
		{1AD7E8C4-FAC9-4F06-BFB5-6DECA6143E5F}.Release|x64.ActiveCfg = Release|Any CPU
		{1AD7E8C4-FAC9-4F06-BFB5-6DECA6143E5F}.Release|x64.Build.0 = Release|Any CPU
		{1AD7E8C4-FAC9-4F06-BFB5-6DECA6143E5F}.Release|x86.ActiveCfg = Release|Any CPU
		{1AD7E8C4-FAC9-4F06-BFB5-6DECA6143E5F}.Release|x86.Build.0 = Release|Any CPU
		{8B975D8D-A1D0-44BA-9C3C-46FF6AFD07AF}.Debug|Any CPU.ActiveCfg = Debug|Any CPU
		{8B975D8D-A1D0-44BA-9C3C-46FF6AFD07AF}.Debug|Any CPU.Build.0 = Debug|Any CPU
		{8B975D8D-A1D0-44BA-9C3C-46FF6AFD07AF}.Debug|x64.ActiveCfg = Debug|Any CPU
		{8B975D8D-A1D0-44BA-9C3C-46FF6AFD07AF}.Debug|x64.Build.0 = Debug|Any CPU
		{8B975D8D-A1D0-44BA-9C3C-46FF6AFD07AF}.Debug|x86.ActiveCfg = Debug|Any CPU
		{8B975D8D-A1D0-44BA-9C3C-46FF6AFD07AF}.Debug|x86.Build.0 = Debug|Any CPU
		{8B975D8D-A1D0-44BA-9C3C-46FF6AFD07AF}.Release|Any CPU.ActiveCfg = Release|Any CPU
		{8B975D8D-A1D0-44BA-9C3C-46FF6AFD07AF}.Release|Any CPU.Build.0 = Release|Any CPU
		{8B975D8D-A1D0-44BA-9C3C-46FF6AFD07AF}.Release|x64.ActiveCfg = Release|Any CPU
		{8B975D8D-A1D0-44BA-9C3C-46FF6AFD07AF}.Release|x64.Build.0 = Release|Any CPU
		{8B975D8D-A1D0-44BA-9C3C-46FF6AFD07AF}.Release|x86.ActiveCfg = Release|Any CPU
		{8B975D8D-A1D0-44BA-9C3C-46FF6AFD07AF}.Release|x86.Build.0 = Release|Any CPU
		{E376CDCA-670E-46D3-80D3-0E9C5289729F}.Debug|Any CPU.ActiveCfg = Debug|Any CPU
		{E376CDCA-670E-46D3-80D3-0E9C5289729F}.Debug|Any CPU.Build.0 = Debug|Any CPU
		{E376CDCA-670E-46D3-80D3-0E9C5289729F}.Debug|x64.ActiveCfg = Debug|Any CPU
		{E376CDCA-670E-46D3-80D3-0E9C5289729F}.Debug|x64.Build.0 = Debug|Any CPU
		{E376CDCA-670E-46D3-80D3-0E9C5289729F}.Debug|x86.ActiveCfg = Debug|Any CPU
		{E376CDCA-670E-46D3-80D3-0E9C5289729F}.Debug|x86.Build.0 = Debug|Any CPU
		{E376CDCA-670E-46D3-80D3-0E9C5289729F}.Release|Any CPU.ActiveCfg = Release|Any CPU
		{E376CDCA-670E-46D3-80D3-0E9C5289729F}.Release|Any CPU.Build.0 = Release|Any CPU
		{E376CDCA-670E-46D3-80D3-0E9C5289729F}.Release|x64.ActiveCfg = Release|Any CPU
		{E376CDCA-670E-46D3-80D3-0E9C5289729F}.Release|x64.Build.0 = Release|Any CPU
		{E376CDCA-670E-46D3-80D3-0E9C5289729F}.Release|x86.ActiveCfg = Release|Any CPU
		{E376CDCA-670E-46D3-80D3-0E9C5289729F}.Release|x86.Build.0 = Release|Any CPU
		{742AA238-26AE-4E3D-A114-8447C0582D6B}.Debug|Any CPU.ActiveCfg = Debug|Any CPU
		{742AA238-26AE-4E3D-A114-8447C0582D6B}.Debug|Any CPU.Build.0 = Debug|Any CPU
		{742AA238-26AE-4E3D-A114-8447C0582D6B}.Debug|x64.ActiveCfg = Debug|Any CPU
		{742AA238-26AE-4E3D-A114-8447C0582D6B}.Debug|x64.Build.0 = Debug|Any CPU
		{742AA238-26AE-4E3D-A114-8447C0582D6B}.Debug|x86.ActiveCfg = Debug|Any CPU
		{742AA238-26AE-4E3D-A114-8447C0582D6B}.Debug|x86.Build.0 = Debug|Any CPU
		{742AA238-26AE-4E3D-A114-8447C0582D6B}.Release|Any CPU.ActiveCfg = Release|Any CPU
		{742AA238-26AE-4E3D-A114-8447C0582D6B}.Release|Any CPU.Build.0 = Release|Any CPU
		{742AA238-26AE-4E3D-A114-8447C0582D6B}.Release|x64.ActiveCfg = Release|Any CPU
		{742AA238-26AE-4E3D-A114-8447C0582D6B}.Release|x64.Build.0 = Release|Any CPU
		{742AA238-26AE-4E3D-A114-8447C0582D6B}.Release|x86.ActiveCfg = Release|Any CPU
		{742AA238-26AE-4E3D-A114-8447C0582D6B}.Release|x86.Build.0 = Release|Any CPU
	EndGlobalSection
	GlobalSection(SolutionProperties) = preSolution
		HideSolutionNode = FALSE
	EndGlobalSection
	GlobalSection(NestedProjects) = preSolution
		{D211DF51-88A2-478D-B355-9629EF68B03B} = {CBE79D88-24B6-4542-A705-038C9BE56159}
		{4E6640C0-9BBE-420F-84B2-0D52D1B0A454} = {CBE79D88-24B6-4542-A705-038C9BE56159}
	EndGlobalSection
	GlobalSection(ExtensibilityGlobals) = postSolution
		SolutionGuid = {0EE6304D-DC45-4656-BC6B-15073C5CE26F}
	EndGlobalSection
EndGlobal
